
Microsoft Visual Studio Solution File, Format Version 12.00
# Visual Studio Version 17
VisualStudioVersion = 17.10.35122.118
MinimumVisualStudioVersion = 10.0.40219.1
Project("{9A19103F-16F7-4668-BE54-9A1E7A4F7556}") = "MyWebsite", "MyWebsite\MyWebsite.csproj", "{989D730B-CDF6-4E07-8355-E1C1A4C474DD}"
EndProject
Global
	GlobalSection(SolutionConfigurationPlatforms) = preSolution
		Debug|Any CPU = Debug|Any CPU
		Release|Any CPU = Release|Any CPU
	EndGlobalSection
	GlobalSection(ProjectConfigurationPlatforms) = postSolution
		{989D730B-CDF6-4E07-8355-E1C1A4C474DD}.Debug|Any CPU.ActiveCfg = Debug|Any CPU
		{989D730B-CDF6-4E07-8355-E1C1A4C474DD}.Debug|Any CPU.Build.0 = Debug|Any CPU
		{989D730B-CDF6-4E07-8355-E1C1A4C474DD}.Release|Any CPU.ActiveCfg = Release|Any CPU
		{989D730B-CDF6-4E07-8355-E1C1A4C474DD}.Release|Any CPU.Build.0 = Release|Any CPU
	EndGlobalSection
	GlobalSection(SolutionProperties) = preSolution
		HideSolutionNode = FALSE
	EndGlobalSection
	GlobalSection(ExtensibilityGlobals) = postSolution
		SolutionGuid = {84256314-E65B-4639-92F6-EA72877F19D3}
	EndGlobalSection
EndGlobal
